
Microsoft Visual Studio Solution File, Format Version 12.00
# Visual Studio Version 17
VisualStudioVersion = 17.0.31919.166
MinimumVisualStudioVersion = 10.0.40219.1
Project("{FAE04EC0-301F-11D3-BF4B-00C04F79EFBC}") = "Interval", "Interval.csproj", "{E5836F59-15DD-45FA-96E1-2685A51F72C9}"
EndProject
Global
	GlobalSection(SolutionConfigurationPlatforms) = preSolution
		Debug|Any CPU = Debug|Any CPU
		Release|Any CPU = Release|Any CPU
	EndGlobalSection
	GlobalSection(ProjectConfigurationPlatforms) = postSolution
		{E5836F59-15DD-45FA-96E1-2685A51F72C9}.Debug|Any CPU.ActiveCfg = Debug|Any CPU
		{E5836F59-15DD-45FA-96E1-2685A51F72C9}.Debug|Any CPU.Build.0 = Debug|Any CPU
		{E5836F59-15DD-45FA-96E1-2685A51F72C9}.Release|Any CPU.ActiveCfg = Release|Any CPU
		{E5836F59-15DD-45FA-96E1-2685A51F72C9}.Release|Any CPU.Build.0 = Release|Any CPU
	EndGlobalSection
	GlobalSection(SolutionProperties) = preSolution
		HideSolutionNode = FALSE
	EndGlobalSection
	GlobalSection(ExtensibilityGlobals) = postSolution
		SolutionGuid = {3801F739-4F7A-4FD5-895D-8655FFE789EB}
	EndGlobalSection
EndGlobal
